
Microsoft Visual Studio Solution File, Format Version 12.00
# Visual Studio Version 17
VisualStudioVersion = 17.6.33712.159
MinimumVisualStudioVersion = 10.0.40219.1
Project("{FAE04EC0-301F-11D3-BF4B-00C04F79EFBC}") = "SuperShop", "SuperShop\SuperShop.csproj", "{27814A1B-AEB1-44E9-B54E-CED5A74556A6}"
EndProject
Global
	GlobalSection(SolutionConfigurationPlatforms) = preSolution
		Debug|Any CPU = Debug|Any CPU
		Release|Any CPU = Release|Any CPU
	EndGlobalSection
	GlobalSection(ProjectConfigurationPlatforms) = postSolution
		{27814A1B-AEB1-44E9-B54E-CED5A74556A6}.Debug|Any CPU.ActiveCfg = Debug|Any CPU
		{27814A1B-AEB1-44E9-B54E-CED5A74556A6}.Debug|Any CPU.Build.0 = Debug|Any CPU
		{27814A1B-AEB1-44E9-B54E-CED5A74556A6}.Release|Any CPU.ActiveCfg = Release|Any CPU
		{27814A1B-AEB1-44E9-B54E-CED5A74556A6}.Release|Any CPU.Build.0 = Release|Any CPU
	EndGlobalSection
	GlobalSection(SolutionProperties) = preSolution
		HideSolutionNode = FALSE
	EndGlobalSection
	GlobalSection(ExtensibilityGlobals) = postSolution
		SolutionGuid = {6921E795-0572-4BE9-AF5F-A91152193175}
	EndGlobalSection
EndGlobal
